
Microsoft Visual Studio Solution File, Format Version 12.00
# Visual Studio Version 16
VisualStudioVersion = 16.0.28803.916
MinimumVisualStudioVersion = 10.0.40219.1
Project("{FAE04EC0-301F-11D3-BF4B-00C04F79EFBC}") = "WindowsFormsApp_111", "WindowsFormsApp_111.csproj", "{2E00B3BA-4630-4D1C-80BB-852FB58B8271}"
EndProject
Global
	GlobalSection(SolutionConfigurationPlatforms) = preSolution
		Debug|Any CPU = Debug|Any CPU
		Release|Any CPU = Release|Any CPU
	EndGlobalSection
	GlobalSection(ProjectConfigurationPlatforms) = postSolution
		{2E00B3BA-4630-4D1C-80BB-852FB58B8271}.Debug|Any CPU.ActiveCfg = Debug|Any CPU
		{2E00B3BA-4630-4D1C-80BB-852FB58B8271}.Debug|Any CPU.Build.0 = Debug|Any CPU
		{2E00B3BA-4630-4D1C-80BB-852FB58B8271}.Release|Any CPU.ActiveCfg = Release|Any CPU
		{2E00B3BA-4630-4D1C-80BB-852FB58B8271}.Release|Any CPU.Build.0 = Release|Any CPU
	EndGlobalSection
	GlobalSection(SolutionProperties) = preSolution
		HideSolutionNode = FALSE
	EndGlobalSection
	GlobalSection(ExtensibilityGlobals) = postSolution
		SolutionGuid = {B9C3F721-C343-4151-A918-63F0F098BBD0}
	EndGlobalSection
EndGlobal
